
Microsoft Visual Studio Solution File, Format Version 12.00
# Visual Studio Version 16
VisualStudioVersion = 16.0.29411.108
MinimumVisualStudioVersion = 10.0.40219.1
Project("{8BC9CEB8-8B4A-11D0-8D11-00A0C91BC942}") = "Straight and circle v2", "Straight and circle v2\Straight and circle v2.vcxproj", "{C6B83287-ACDE-40A9-B0FA-24459848A7B4}"
EndProject
Global
	GlobalSection(SolutionConfigurationPlatforms) = preSolution
		Debug|x64 = Debug|x64
		Debug|x86 = Debug|x86
		Release|x64 = Release|x64
		Release|x86 = Release|x86
	EndGlobalSection
	GlobalSection(ProjectConfigurationPlatforms) = postSolution
		{C6B83287-ACDE-40A9-B0FA-24459848A7B4}.Debug|x64.ActiveCfg = Debug|x64
		{C6B83287-ACDE-40A9-B0FA-24459848A7B4}.Debug|x64.Build.0 = Debug|x64
		{C6B83287-ACDE-40A9-B0FA-24459848A7B4}.Debug|x86.ActiveCfg = Debug|Win32
		{C6B83287-ACDE-40A9-B0FA-24459848A7B4}.Debug|x86.Build.0 = Debug|Win32
		{C6B83287-ACDE-40A9-B0FA-24459848A7B4}.Release|x64.ActiveCfg = Release|x64
		{C6B83287-ACDE-40A9-B0FA-24459848A7B4}.Release|x64.Build.0 = Release|x64
		{C6B83287-ACDE-40A9-B0FA-24459848A7B4}.Release|x86.ActiveCfg = Release|Win32
		{C6B83287-ACDE-40A9-B0FA-24459848A7B4}.Release|x86.Build.0 = Release|Win32
	EndGlobalSection
	GlobalSection(SolutionProperties) = preSolution
		HideSolutionNode = FALSE
	EndGlobalSection
	GlobalSection(ExtensibilityGlobals) = postSolution
		SolutionGuid = {D138C7A3-3F8D-430D-9FF4-5C5624C23C58}
	EndGlobalSection
EndGlobal
